
Microsoft Visual Studio Solution File, Format Version 12.00
# Visual Studio Version 16
VisualStudioVersion = 16.0.29613.14
MinimumVisualStudioVersion = 10.0.40219.1
Project("{FAE04EC0-301F-11D3-BF4B-00C04F79EFBC}") = "Math.AzureFunction", "Math.AzureFunction\Math.AzureFunction.csproj", "{0D29DAE1-676D-46DB-8ED9-8DDE6351299D}"
EndProject
Global
	GlobalSection(SolutionConfigurationPlatforms) = preSolution
		Debug|Any CPU = Debug|Any CPU
		Release|Any CPU = Release|Any CPU
	EndGlobalSection
	GlobalSection(ProjectConfigurationPlatforms) = postSolution
		{0D29DAE1-676D-46DB-8ED9-8DDE6351299D}.Debug|Any CPU.ActiveCfg = Debug|Any CPU
		{0D29DAE1-676D-46DB-8ED9-8DDE6351299D}.Debug|Any CPU.Build.0 = Debug|Any CPU
		{0D29DAE1-676D-46DB-8ED9-8DDE6351299D}.Release|Any CPU.ActiveCfg = Release|Any CPU
		{0D29DAE1-676D-46DB-8ED9-8DDE6351299D}.Release|Any CPU.Build.0 = Release|Any CPU
	EndGlobalSection
	GlobalSection(SolutionProperties) = preSolution
		HideSolutionNode = FALSE
	EndGlobalSection
	GlobalSection(ExtensibilityGlobals) = postSolution
		SolutionGuid = {B08F0AD6-8120-42C8-A3EE-14AE2B63AD1A}
	EndGlobalSection
EndGlobal
